
Microsoft Visual Studio Solution File, Format Version 12.00
# Visual Studio Version 17
VisualStudioVersion = 17.5.33414.496
MinimumVisualStudioVersion = 10.0.40219.1
Project("{9A19103F-16F7-4668-BE54-9A1E7A4F7556}") = "SqlDefinitionStorageExample", "SqlDefinitionStorageExample.csproj", "{772C9431-C045-4D0E-B324-1C07A1908E42}"
EndProject
Global
	GlobalSection(SolutionConfigurationPlatforms) = preSolution
		Debug|Any CPU = Debug|Any CPU
		Release|Any CPU = Release|Any CPU
	EndGlobalSection
	GlobalSection(ProjectConfigurationPlatforms) = postSolution
		{772C9431-C045-4D0E-B324-1C07A1908E42}.Debug|Any CPU.ActiveCfg = Debug|Any CPU
		{772C9431-C045-4D0E-B324-1C07A1908E42}.Debug|Any CPU.Build.0 = Debug|Any CPU
		{772C9431-C045-4D0E-B324-1C07A1908E42}.Release|Any CPU.ActiveCfg = Release|Any CPU
		{772C9431-C045-4D0E-B324-1C07A1908E42}.Release|Any CPU.Build.0 = Release|Any CPU
	EndGlobalSection
	GlobalSection(SolutionProperties) = preSolution
		HideSolutionNode = FALSE
	EndGlobalSection
	GlobalSection(ExtensibilityGlobals) = postSolution
		SolutionGuid = {BEDADAF4-F678-4A05-96FC-E8A2200B5CD6}
	EndGlobalSection
EndGlobal
