
Microsoft Visual Studio Solution File, Format Version 12.00
# Visual Studio Version 16
VisualStudioVersion = 16.0.30804.86
MinimumVisualStudioVersion = 10.0.40219.1
Project("{FAE04EC0-301F-11D3-BF4B-00C04F79EFBC}") = "FirstStepsProject", "FirstStepsProject\FirstStepsProject.csproj", "{6BED3A80-0D8C-4F97-BF9D-72E645535864}"
EndProject
Global
	GlobalSection(SolutionConfigurationPlatforms) = preSolution
		Debug|Any CPU = Debug|Any CPU
		Release|Any CPU = Release|Any CPU
	EndGlobalSection
	GlobalSection(ProjectConfigurationPlatforms) = postSolution
		{6BED3A80-0D8C-4F97-BF9D-72E645535864}.Debug|Any CPU.ActiveCfg = Debug|Any CPU
		{6BED3A80-0D8C-4F97-BF9D-72E645535864}.Debug|Any CPU.Build.0 = Debug|Any CPU
		{6BED3A80-0D8C-4F97-BF9D-72E645535864}.Release|Any CPU.ActiveCfg = Release|Any CPU
		{6BED3A80-0D8C-4F97-BF9D-72E645535864}.Release|Any CPU.Build.0 = Release|Any CPU
	EndGlobalSection
	GlobalSection(SolutionProperties) = preSolution
		HideSolutionNode = FALSE
	EndGlobalSection
	GlobalSection(ExtensibilityGlobals) = postSolution
		SolutionGuid = {E92079E2-F4BA-477C-A2FF-B16A3D869F54}
	EndGlobalSection
EndGlobal
