{
  "requires": true,
  "lockfileVersion": 1,
  "dependencies": {
    "@progress/telerik-angular-report-viewer": {
      "version": "9.20.115",
      "resolved": "https://registry.npmjs.org/@progress/telerik-angular-report-viewer/-/telerik-angular-report-viewer-9.20.115.tgz",
      "integrity": "sha512-Nm/r9OXAbROi933rdEjWXMa1+A0JLtMIU91Pu7NFbB2uYhYdlv14J5jE6YEfjM42pORunv9FdFHptFjW8hi5lg=="
    }
  }
}
