
Microsoft Visual Studio Solution File, Format Version 12.00
# Visual Studio Version 16
VisualStudioVersion = 16.0.29424.173
MinimumVisualStudioVersion = 10.0.40219.1
Project("{FAE04EC0-301F-11D3-BF4B-00C04F79EFBC}") = "WebApplication1", "WebApplication1\WebApplication1.csproj", "{FB8A853D-C803-4D55-9FF0-E6CE9D6ED692}"
EndProject
Global
	GlobalSection(SolutionConfigurationPlatforms) = preSolution
		Debug|Any CPU = Debug|Any CPU
		Release|Any CPU = Release|Any CPU
	EndGlobalSection
	GlobalSection(ProjectConfigurationPlatforms) = postSolution
		{FB8A853D-C803-4D55-9FF0-E6CE9D6ED692}.Debug|Any CPU.ActiveCfg = Debug|Any CPU
		{FB8A853D-C803-4D55-9FF0-E6CE9D6ED692}.Debug|Any CPU.Build.0 = Debug|Any CPU
		{FB8A853D-C803-4D55-9FF0-E6CE9D6ED692}.Release|Any CPU.ActiveCfg = Release|Any CPU
		{FB8A853D-C803-4D55-9FF0-E6CE9D6ED692}.Release|Any CPU.Build.0 = Release|Any CPU
	EndGlobalSection
	GlobalSection(SolutionProperties) = preSolution
		HideSolutionNode = FALSE
	EndGlobalSection
	GlobalSection(ExtensibilityGlobals) = postSolution
		SolutionGuid = {79BD4678-540F-432D-B028-A9CE9815D6AF}
	EndGlobalSection
EndGlobal
