
Microsoft Visual Studio Solution File, Format Version 12.00
# Visual Studio Version 17
VisualStudioVersion = 17.5.33530.505
MinimumVisualStudioVersion = 10.0.40219.1
Project("{FAE04EC0-301F-11D3-BF4B-00C04F79EFBC}") = "DynamicTablePresetStylesDemo", "DynamicTablePresetStylesDemo\DynamicTablePresetStylesDemo.csproj", "{AB07DB3A-98D8-487F-BEF4-03D83D6F2951}"
EndProject
Global
	GlobalSection(SolutionConfigurationPlatforms) = preSolution
		Debug|Any CPU = Debug|Any CPU
		Release|Any CPU = Release|Any CPU
	EndGlobalSection
	GlobalSection(ProjectConfigurationPlatforms) = postSolution
		{AB07DB3A-98D8-487F-BEF4-03D83D6F2951}.Debug|Any CPU.ActiveCfg = Debug|Any CPU
		{AB07DB3A-98D8-487F-BEF4-03D83D6F2951}.Debug|Any CPU.Build.0 = Debug|Any CPU
		{AB07DB3A-98D8-487F-BEF4-03D83D6F2951}.Release|Any CPU.ActiveCfg = Release|Any CPU
		{AB07DB3A-98D8-487F-BEF4-03D83D6F2951}.Release|Any CPU.Build.0 = Release|Any CPU
	EndGlobalSection
	GlobalSection(SolutionProperties) = preSolution
		HideSolutionNode = FALSE
	EndGlobalSection
	GlobalSection(ExtensibilityGlobals) = postSolution
		SolutionGuid = {C42D7D59-39F2-4AD6-84AC-D17886FBFDEA}
	EndGlobalSection
EndGlobal
