
Microsoft Visual Studio Solution File, Format Version 12.00
# Visual Studio Version 16
VisualStudioVersion = 16.0.29521.150
MinimumVisualStudioVersion = 10.0.40219.1
Project("{9A19103F-16F7-4668-BE54-9A1E7A4F7556}") = "CSharp.AspNetCoreDemo", "CSharp.AspNetCoreDemo.csproj", "{FE5EA9C8-994E-487F-8346-02CDF8BA30B3}"
EndProject
Global
	GlobalSection(SolutionConfigurationPlatforms) = preSolution
		Debug|Any CPU = Debug|Any CPU
		Release|Any CPU = Release|Any CPU
	EndGlobalSection
	GlobalSection(ProjectConfigurationPlatforms) = postSolution
		{FE5EA9C8-994E-487F-8346-02CDF8BA30B3}.Debug|Any CPU.ActiveCfg = Debug|Any CPU
		{FE5EA9C8-994E-487F-8346-02CDF8BA30B3}.Debug|Any CPU.Build.0 = Debug|Any CPU
		{FE5EA9C8-994E-487F-8346-02CDF8BA30B3}.Release|Any CPU.ActiveCfg = Release|Any CPU
		{FE5EA9C8-994E-487F-8346-02CDF8BA30B3}.Release|Any CPU.Build.0 = Release|Any CPU
	EndGlobalSection
	GlobalSection(SolutionProperties) = preSolution
		HideSolutionNode = FALSE
	EndGlobalSection
	GlobalSection(ExtensibilityGlobals) = postSolution
		SolutionGuid = {694C0EF5-BC6D-4ED7-9043-B516AB5936B0}
	EndGlobalSection
EndGlobal
