
Microsoft Visual Studio Solution File, Format Version 12.00
# Visual Studio Version 17
VisualStudioVersion = 17.14.36202.13 d17.14
MinimumVisualStudioVersion = 10.0.40219.1
Project("{FAE04EC0-301F-11D3-BF4B-00C04F79EFBC}") = "ProgrammaticTableGeneration", "ProgrammaticTableGeneration.csproj", "{4858440A-9036-4274-9D43-F290F9E939A2}"
EndProject
Global
	GlobalSection(SolutionConfigurationPlatforms) = preSolution
		Debug|Any CPU = Debug|Any CPU
		Release|Any CPU = Release|Any CPU
	EndGlobalSection
	GlobalSection(ProjectConfigurationPlatforms) = postSolution
		{4858440A-9036-4274-9D43-F290F9E939A2}.Debug|Any CPU.ActiveCfg = Debug|Any CPU
		{4858440A-9036-4274-9D43-F290F9E939A2}.Debug|Any CPU.Build.0 = Debug|Any CPU
		{4858440A-9036-4274-9D43-F290F9E939A2}.Release|Any CPU.ActiveCfg = Release|Any CPU
		{4858440A-9036-4274-9D43-F290F9E939A2}.Release|Any CPU.Build.0 = Release|Any CPU
	EndGlobalSection
	GlobalSection(SolutionProperties) = preSolution
		HideSolutionNode = FALSE
	EndGlobalSection
	GlobalSection(ExtensibilityGlobals) = postSolution
		SolutionGuid = {568A4414-022A-4637-B4A7-A4DB5B2C2730}
	EndGlobalSection
EndGlobal
