
Microsoft Visual Studio Solution File, Format Version 12.00
# Visual Studio 15
VisualStudioVersion = 15.0.28307.572
MinimumVisualStudioVersion = 10.0.40219.1
Project("{FAE04EC0-301F-11D3-BF4B-00C04F79EFBC}") = "PassParameter", "PassParameter\PassParameter.csproj", "{9BA0EDAD-4E76-4233-BC37-69B6AEFBF16F}"
EndProject
Global
	GlobalSection(SolutionConfigurationPlatforms) = preSolution
		Debug|Any CPU = Debug|Any CPU
		Release|Any CPU = Release|Any CPU
	EndGlobalSection
	GlobalSection(ProjectConfigurationPlatforms) = postSolution
		{9BA0EDAD-4E76-4233-BC37-69B6AEFBF16F}.Debug|Any CPU.ActiveCfg = Debug|Any CPU
		{9BA0EDAD-4E76-4233-BC37-69B6AEFBF16F}.Debug|Any CPU.Build.0 = Debug|Any CPU
		{9BA0EDAD-4E76-4233-BC37-69B6AEFBF16F}.Release|Any CPU.ActiveCfg = Release|Any CPU
		{9BA0EDAD-4E76-4233-BC37-69B6AEFBF16F}.Release|Any CPU.Build.0 = Release|Any CPU
	EndGlobalSection
	GlobalSection(SolutionProperties) = preSolution
		HideSolutionNode = FALSE
	EndGlobalSection
	GlobalSection(ExtensibilityGlobals) = postSolution
		SolutionGuid = {BBDEA800-F0AA-4630-9FBB-BDF63F1DC513}
	EndGlobalSection
EndGlobal
