{
  "name": "kendo-react-reporting",
  "version": "0.1.0",
  "lockfileVersion": 3,
  "requires": true,
  "packages": {
    "": {
      "name": "kendo-react-reporting",
      "version": "0.1.0",
      "dependencies": {
        "@progress/kendo-data-query": "^1.7.0",
        "@progress/kendo-drawing": "^1.20.1",
        "@progress/kendo-licensing": "^1.3.5",
        "@progress/kendo-react-animation": "^7.4.0",
        "@progress/kendo-react-buttons": "^7.4.0",
        "@progress/kendo-react-data-tools": "^7.4.0",
        "@progress/kendo-react-dateinputs": "^7.4.0",
        "@progress/kendo-react-dropdowns": "^7.4.0",
        "@progress/kendo-react-grid": "^7.4.0",
        "@progress/kendo-react-inputs": "^7.4.0",
        "@progress/kendo-react-intl": "^7.4.0",
        "@progress/kendo-react-popup": "^7.4.0",
        "@progress/kendo-react-treeview": "^7.4.0",
        "@progress/kendo-svg-icons": "^2.3.0",
        "@progress/kendo-theme-default": "^7.2.1",
        "@progress/telerik-react-report-viewer": "^21.24.305",
        "jquery": "^3.7.1",
        "next": "14.2.32",
        "react": "^18",
        "react-dom": "^18"
      }
    },
    "node_modules/@babel/runtime": {
      "version": "7.24.4",
      "resolved": "https://registry.npmjs.org/@babel/runtime/-/runtime-7.24.4.tgz",
      "integrity": "sha512-dkxf7+hn8mFBwKjs9bvBlArzLVxVbS8usaPUDd5p2a9JCL9tB8OaOVN1isD4+Xyk4ns89/xeOmbQvgdK7IIVdA==",
      "dependencies": {
        "regenerator-runtime": "^0.14.0"
      },
      "engines": {
        "node": ">=6.9.0"
      }
    },
    "node_modules/@next/env": {
      "version": "14.2.32",
      "resolved": "https://registry.npmjs.org/@next/env/-/env-14.2.32.tgz",
      "integrity": "sha512-n9mQdigI6iZ/DF6pCTwMKeWgF2e8lg7qgt5M7HXMLtyhZYMnf/u905M18sSpPmHL9MKp9JHo56C6jrD2EvWxng==",
      "license": "MIT"
    },
    "node_modules/@next/swc-darwin-arm64": {
      "version": "14.2.32",
      "resolved": "https://registry.npmjs.org/@next/swc-darwin-arm64/-/swc-darwin-arm64-14.2.32.tgz",
      "integrity": "sha512-osHXveM70zC+ilfuFa/2W6a1XQxJTvEhzEycnjUaVE8kpUS09lDpiDDX2YLdyFCzoUbvbo5r0X1Kp4MllIOShw==",
      "cpu": [
        "arm64"
      ],
      "license": "MIT",
      "optional": true,
      "os": [
        "darwin"
      ],
      "engines": {
        "node": ">= 10"
      }
    },
    "node_modules/@next/swc-darwin-x64": {
      "version": "14.2.32",
      "resolved": "https://registry.npmjs.org/@next/swc-darwin-x64/-/swc-darwin-x64-14.2.32.tgz",
      "integrity": "sha512-P9NpCAJuOiaHHpqtrCNncjqtSBi1f6QUdHK/+dNabBIXB2RUFWL19TY1Hkhu74OvyNQEYEzzMJCMQk5agjw1Qg==",
      "cpu": [
        "x64"
      ],
      "license": "MIT",
      "optional": true,
      "os": [
        "darwin"
      ],
      "engines": {
        "node": ">= 10"
      }
    },
    "node_modules/@next/swc-linux-arm64-gnu": {
      "version": "14.2.32",
      "resolved": "https://registry.npmjs.org/@next/swc-linux-arm64-gnu/-/swc-linux-arm64-gnu-14.2.32.tgz",
      "integrity": "sha512-v7JaO0oXXt6d+cFjrrKqYnR2ubrD+JYP7nQVRZgeo5uNE5hkCpWnHmXm9vy3g6foMO8SPwL0P3MPw1c+BjbAzA==",
      "cpu": [
        "arm64"
      ],
      "license": "MIT",
      "optional": true,
      "os": [
        "linux"
      ],
      "engines": {
        "node": ">= 10"
      }
    },
    "node_modules/@next/swc-linux-arm64-musl": {
      "version": "14.2.32",
      "resolved": "https://registry.npmjs.org/@next/swc-linux-arm64-musl/-/swc-linux-arm64-musl-14.2.32.tgz",
      "integrity": "sha512-tA6sIKShXtSJBTH88i0DRd6I9n3ZTirmwpwAqH5zdJoQF7/wlJXR8DkPmKwYl5mFWhEKr5IIa3LfpMW9RRwKmQ==",
      "cpu": [
        "arm64"
      ],
      "license": "MIT",
      "optional": true,
      "os": [
        "linux"
      ],
      "engines": {
        "node": ">= 10"
      }
    },
    "node_modules/@next/swc-linux-x64-gnu": {
      "version": "14.2.32",
      "resolved": "https://registry.npmjs.org/@next/swc-linux-x64-gnu/-/swc-linux-x64-gnu-14.2.32.tgz",
      "integrity": "sha512-7S1GY4TdnlGVIdeXXKQdDkfDysoIVFMD0lJuVVMeb3eoVjrknQ0JNN7wFlhCvea0hEk0Sd4D1hedVChDKfV2jw==",
      "cpu": [
        "x64"
      ],
      "license": "MIT",
      "optional": true,
      "os": [
        "linux"
      ],
      "engines": {
        "node": ">= 10"
      }
    },
    "node_modules/@next/swc-linux-x64-musl": {
      "version": "14.2.32",
      "resolved": "https://registry.npmjs.org/@next/swc-linux-x64-musl/-/swc-linux-x64-musl-14.2.32.tgz",
      "integrity": "sha512-OHHC81P4tirVa6Awk6eCQ6RBfWl8HpFsZtfEkMpJ5GjPsJ3nhPe6wKAJUZ/piC8sszUkAgv3fLflgzPStIwfWg==",
      "cpu": [
        "x64"
      ],
      "license": "MIT",
      "optional": true,
      "os": [
        "linux"
      ],
      "engines": {
        "node": ">= 10"
      }
    },
    "node_modules/@next/swc-win32-arm64-msvc": {
      "version": "14.2.32",
      "resolved": "https://registry.npmjs.org/@next/swc-win32-arm64-msvc/-/swc-win32-arm64-msvc-14.2.32.tgz",
      "integrity": "sha512-rORQjXsAFeX6TLYJrCG5yoIDj+NKq31Rqwn8Wpn/bkPNy5rTHvOXkW8mLFonItS7QC6M+1JIIcLe+vOCTOYpvg==",
      "cpu": [
        "arm64"
      ],
      "license": "MIT",
      "optional": true,
      "os": [
        "win32"
      ],
      "engines": {
        "node": ">= 10"
      }
    },
    "node_modules/@next/swc-win32-ia32-msvc": {
      "version": "14.2.32",
      "resolved": "https://registry.npmjs.org/@next/swc-win32-ia32-msvc/-/swc-win32-ia32-msvc-14.2.32.tgz",
      "integrity": "sha512-jHUeDPVHrgFltqoAqDB6g6OStNnFxnc7Aks3p0KE0FbwAvRg6qWKYF5mSTdCTxA3axoSAUwxYdILzXJfUwlHhA==",
      "cpu": [
        "ia32"
      ],
      "license": "MIT",
      "optional": true,
      "os": [
        "win32"
      ],
      "engines": {
        "node": ">= 10"
      }
    },
    "node_modules/@next/swc-win32-x64-msvc": {
      "version": "14.2.32",
      "resolved": "https://registry.npmjs.org/@next/swc-win32-x64-msvc/-/swc-win32-x64-msvc-14.2.32.tgz",
      "integrity": "sha512-2N0lSoU4GjfLSO50wvKpMQgKd4HdI2UHEhQPPPnlgfBJlOgJxkjpkYBqzk08f1gItBB6xF/n+ykso2hgxuydsA==",
      "cpu": [
        "x64"
      ],
      "license": "MIT",
      "optional": true,
      "os": [
        "win32"
      ],
      "engines": {
        "node": ">= 10"
      }
    },
    "node_modules/@progress/kendo-data-query": {
      "version": "1.7.0",
      "resolved": "https://registry.npmjs.org/@progress/kendo-data-query/-/kendo-data-query-1.7.0.tgz",
      "integrity": "sha512-mB+2WZFAZghxRwBhgWiJIysx7qcFkilnbcZWq0AfQ3KXfC3N5IY/EuKJNijhYrTdauYA1eL1GMe2FHsOWAlRHA==",
      "dependencies": {
        "tslib": "^1.7.0"
      }
    },
    "node_modules/@progress/kendo-data-query/node_modules/tslib": {
      "version": "1.14.1",
      "resolved": "https://registry.npmjs.org/tslib/-/tslib-1.14.1.tgz",
      "integrity": "sha512-Xni35NKzjgMrwevysHTCArtLDpPvye8zV/0E4EyYn43P7/7qvQwPh9BGkHewbMulVntbigmcT7rdX3BNo9wRJg=="
    },
    "node_modules/@progress/kendo-date-math": {
      "version": "1.5.13",
      "resolved": "https://registry.npmjs.org/@progress/kendo-date-math/-/kendo-date-math-1.5.13.tgz",
      "integrity": "sha512-uMVIbEEs7nyn4IeWXuMdV7lNGfrWgYheXiC2EDx6lpGG9s29QpUmn3NtnAcOOOHWj33/O9IwLIRAcEiFP/7DiA==",
      "dependencies": {
        "tslib": "^1.7.0"
      }
    },
    "node_modules/@progress/kendo-date-math/node_modules/tslib": {
      "version": "1.14.1",
      "resolved": "https://registry.npmjs.org/tslib/-/tslib-1.14.1.tgz",
      "integrity": "sha512-Xni35NKzjgMrwevysHTCArtLDpPvye8zV/0E4EyYn43P7/7qvQwPh9BGkHewbMulVntbigmcT7rdX3BNo9wRJg=="
    },
    "node_modules/@progress/kendo-draggable-common": {
      "version": "0.2.3",
      "resolved": "https://registry.npmjs.org/@progress/kendo-draggable-common/-/kendo-draggable-common-0.2.3.tgz",
      "integrity": "sha512-e1FraFsT7zwevswzZlQYL//K+fzmRUvkr/4emp51dzkARLDtGd95BtPNSoXYRG5xYHeueKBS75hzVwQI6Dm3Dg==",
      "dependencies": {
        "tslib": "^1.7.0"
      }
    },
    "node_modules/@progress/kendo-draggable-common/node_modules/tslib": {
      "version": "1.14.1",
      "resolved": "https://registry.npmjs.org/tslib/-/tslib-1.14.1.tgz",
      "integrity": "sha512-Xni35NKzjgMrwevysHTCArtLDpPvye8zV/0E4EyYn43P7/7qvQwPh9BGkHewbMulVntbigmcT7rdX3BNo9wRJg=="
    },
    "node_modules/@progress/kendo-drawing": {
      "version": "1.20.1",
      "resolved": "https://registry.npmjs.org/@progress/kendo-drawing/-/kendo-drawing-1.20.1.tgz",
      "integrity": "sha512-1ihKFZ7vMrqaIPlmXooYWm0/nDvrGWvh0Y1AkRhI1OmfzuvLkEFOUG+MgQgg+/P421RV1hhAWPtd8JER/MwDHQ==",
      "peer": true,
      "dependencies": {
        "@progress/pako-esm": "^1.0.1"
      }
    },
    "node_modules/@progress/kendo-inputs-common": {
      "version": "3.1.1",
      "resolved": "https://registry.npmjs.org/@progress/kendo-inputs-common/-/kendo-inputs-common-3.1.1.tgz",
      "integrity": "sha512-OqID8+2DuAnUET0W1j357qqTPvws6hnByt2h5+uVS7uK9Wmt/NHA0gVhdYmh+Jyv6Pw+S2epSk47mDsfyreKYA==",
      "peer": true,
      "dependencies": {
        "tslib": "^2.3.1"
      },
      "peerDependencies": {
        "@progress/kendo-drawing": "^1.17.0"
      }
    },
    "node_modules/@progress/kendo-intl": {
      "version": "3.1.2",
      "resolved": "https://registry.npmjs.org/@progress/kendo-intl/-/kendo-intl-3.1.2.tgz",
      "integrity": "sha512-rOtMppQSrScwryMfeQSOdsnRi9Oj1l08HFoEC2ticZ0T2N0/JN9CHt+fuToRx5onXK7QkcbbuNM0D09o8TeeMw==",
      "peer": true
    },
    "node_modules/@progress/kendo-licensing": {
      "version": "1.3.5",
      "resolved": "https://registry.npmjs.org/@progress/kendo-licensing/-/kendo-licensing-1.3.5.tgz",
      "integrity": "sha512-HWxM6Ov1g0LvOQN9sp+3N1h+YpF0OKq7rWW2bqoJnkyHy8woC8Ve6ew6KmHdbeaKMgikVOYgyo5NTjef2j+gVQ==",
      "hasInstallScript": true,
      "peer": true,
      "dependencies": {
        "jsonwebtoken": "^9.0.2"
      },
      "bin": {
        "kendo-ui-license": "bin/kendo-ui-license.js"
      }
    },
    "node_modules/@progress/kendo-popup-common": {
      "version": "1.9.2",
      "resolved": "https://registry.npmjs.org/@progress/kendo-popup-common/-/kendo-popup-common-1.9.2.tgz",
      "integrity": "sha512-Gs50UafJcERiGuSP/47Yg7ftPX3HQXiK5M9zHB8sHSoc1/AEYd0/Sj5wh8UrVVBAM9b0pUTwmEuzQ/D5yDDd2Q==",
      "peer": true
    },
    "node_modules/@progress/kendo-react-animation": {
      "version": "7.4.0",
      "resolved": "https://registry.npmjs.org/@progress/kendo-react-animation/-/kendo-react-animation-7.4.0.tgz",
      "integrity": "sha512-A1TpFRo2AqJD2AOZslYnUhRzyK+kqQoyW4L/Rp5goftuR6mVc9xUAhndrOyDp1YiV+WGUG8PgXPZeV8CZnMQVg==",
      "peer": true,
      "dependencies": {
        "prop-types": "^15.6.0"
      },
      "peerDependencies": {
        "@progress/kendo-licensing": "^1.3.4",
        "@progress/kendo-react-common": "7.4.0",
        "@progress/kendo-svg-icons": "^2.1.0",
        "react": "^16.8.2 || ^17.0.0 || ^18.0.0",
        "react-dom": "^16.8.2 || ^17.0.0 || ^18.0.0",
        "react-transition-group": "^4.4.2"
      }
    },
    "node_modules/@progress/kendo-react-buttons": {
      "version": "7.4.0",
      "resolved": "https://registry.npmjs.org/@progress/kendo-react-buttons/-/kendo-react-buttons-7.4.0.tgz",
      "integrity": "sha512-ICzakkBYj0Mjbwf0Bfh9/2cZdBxQV/ZWbYioJrgWVXONQqJtdIVPZKj1GnjOP4F3MvtcLyUkIlffqCTrpmjelQ==",
      "peer": true,
      "dependencies": {
        "prop-types": "^15.6.0"
      },
      "peerDependencies": {
        "@progress/kendo-licensing": "^1.3.4",
        "@progress/kendo-react-common": "7.4.0",
        "@progress/kendo-react-popup": "7.4.0",
        "@progress/kendo-svg-icons": "^2.1.0",
        "react": "^16.8.2 || ^17.0.0 || ^18.0.0",
        "react-dom": "^16.8.2 || ^17.0.0 || ^18.0.0"
      }
    },
    "node_modules/@progress/kendo-react-common": {
      "version": "7.4.0",
      "resolved": "https://registry.npmjs.org/@progress/kendo-react-common/-/kendo-react-common-7.4.0.tgz",
      "integrity": "sha512-xp25FSc1sfPBRH27b3qzVhgjXMny1EJ9G8L25UO/GCRdpTqfSQWDCCUqoYGjGQSzRlNC8ED8WewzBKrfR3w/gA==",
      "peer": true,
      "dependencies": {
        "@progress/kendo-draggable-common": "^0.2.3",
        "prop-types": "^15.6.0"
      },
      "peerDependencies": {
        "@progress/kendo-licensing": "^1.3.4",
        "@progress/kendo-svg-icons": "^2.1.0",
        "react": "^16.8.2 || ^17.0.0 || ^18.0.0",
        "react-dom": "^16.8.2 || ^17.0.0 || ^18.0.0"
      }
    },
    "node_modules/@progress/kendo-react-data-tools": {
      "version": "7.4.0",
      "resolved": "https://registry.npmjs.org/@progress/kendo-react-data-tools/-/kendo-react-data-tools-7.4.0.tgz",
      "integrity": "sha512-/f1xX3kuJlmAXuFLY26xlc+uttJd1OBTilhTMC/xyxrz6Jyz0dOMJ0SgxVdE8g9dgOSf+HruJyP4Mz+8HwfISQ==",
      "peer": true,
      "dependencies": {
        "prop-types": "^15.6.0"
      },
      "peerDependencies": {
        "@progress/kendo-data-query": "^1.0.0",
        "@progress/kendo-drawing": "^1.19.0",
        "@progress/kendo-licensing": "^1.3.4",
        "@progress/kendo-react-animation": "7.4.0",
        "@progress/kendo-react-buttons": "7.4.0",
        "@progress/kendo-react-common": "7.4.0",
        "@progress/kendo-react-dateinputs": "7.4.0",
        "@progress/kendo-react-dropdowns": "7.4.0",
        "@progress/kendo-react-inputs": "7.4.0",
        "@progress/kendo-react-intl": "7.4.0",
        "@progress/kendo-react-popup": "7.4.0",
        "@progress/kendo-svg-icons": "^2.1.0",
        "react": "^16.8.2 || ^17.0.0 || ^18.0.0",
        "react-dom": "^16.8.2 || ^17.0.0 || ^18.0.0"
      }
    },
    "node_modules/@progress/kendo-react-dateinputs": {
      "version": "7.4.0",
      "resolved": "https://registry.npmjs.org/@progress/kendo-react-dateinputs/-/kendo-react-dateinputs-7.4.0.tgz",
      "integrity": "sha512-FIvRSIC24eFpp8sBNAj2XEQljERS2rLAt1wNh89DtZd+CtIxr03JXNJqLt3rW7f/wr2xtHxbVjO1+5E/1UYVbg==",
      "peer": true,
      "dependencies": {
        "prop-types": "^15.6.0"
      },
      "peerDependencies": {
        "@progress/kendo-date-math": "^1.4.0",
        "@progress/kendo-licensing": "^1.3.4",
        "@progress/kendo-react-buttons": "7.4.0",
        "@progress/kendo-react-common": "7.4.0",
        "@progress/kendo-react-intl": "7.4.0",
        "@progress/kendo-react-labels": "7.4.0",
        "@progress/kendo-react-layout": "7.4.0",
        "@progress/kendo-react-popup": "7.4.0",
        "@progress/kendo-svg-icons": "^2.1.0",
        "react": "^16.8.2 || ^17.0.0 || ^18.0.0",
        "react-dom": "^16.8.2 || ^17.0.0 || ^18.0.0"
      }
    },
    "node_modules/@progress/kendo-react-dialogs": {
      "version": "7.4.0",
      "resolved": "https://registry.npmjs.org/@progress/kendo-react-dialogs/-/kendo-react-dialogs-7.4.0.tgz",
      "integrity": "sha512-Tet1cKbBYsOckdxDhBEUb60nyiYFIj2b3eY2lbWw/1hZNc0Bc00UD9ijcIfmAaF6UFmbfgUFV/a03pNE8mkDhQ==",
      "peer": true,
      "dependencies": {
        "prop-types": "^15.6.0"
      },
      "peerDependencies": {
        "@progress/kendo-licensing": "^1.3.4",
        "@progress/kendo-react-buttons": "7.4.0",
        "@progress/kendo-react-common": "7.4.0",
        "@progress/kendo-svg-icons": "^2.1.0",
        "react": "^16.8.2 || ^17.0.0 || ^18.0.0",
        "react-dom": "^16.8.2 || ^17.0.0 || ^18.0.0"
      }
    },
    "node_modules/@progress/kendo-react-dropdowns": {
      "version": "7.4.0",
      "resolved": "https://registry.npmjs.org/@progress/kendo-react-dropdowns/-/kendo-react-dropdowns-7.4.0.tgz",
      "integrity": "sha512-pl2AgzoNxbcEDqk1POz9xlr+3ZtHk5K0If95/Yk9u4vkI3Ca0QjJeQQ1ASqXCbXLoJYwKKzDtlMnrbPX/dnM6w==",
      "peer": true,
      "dependencies": {
        "prop-types": "^15.6.0"
      },
      "peerDependencies": {
        "@progress/kendo-licensing": "^1.3.4",
        "@progress/kendo-react-buttons": "7.4.0",
        "@progress/kendo-react-common": "7.4.0",
        "@progress/kendo-react-inputs": "7.4.0",
        "@progress/kendo-react-intl": "7.4.0",
        "@progress/kendo-react-labels": "7.4.0",
        "@progress/kendo-react-layout": "7.4.0",
        "@progress/kendo-react-popup": "7.4.0",
        "@progress/kendo-react-treeview": "7.4.0",
        "@progress/kendo-svg-icons": "^2.1.0",
        "react": "^16.8.2 || ^17.0.0 || ^18.0.0",
        "react-dom": "^16.8.2 || ^17.0.0 || ^18.0.0"
      }
    },
    "node_modules/@progress/kendo-react-grid": {
      "version": "7.4.0",
      "resolved": "https://registry.npmjs.org/@progress/kendo-react-grid/-/kendo-react-grid-7.4.0.tgz",
      "integrity": "sha512-K8JKKvnAHE1Y6nxhXQPZKPoYioLwOgWVqFfj/TdnkqJZ6/D52FxZt3pwkkEH4EweFutGjg9Z/YtByKzgDwowfw==",
      "dependencies": {
        "prop-types": "^15.6.0"
      },
      "peerDependencies": {
        "@progress/kendo-data-query": "^1.0.0",
        "@progress/kendo-drawing": "^1.19.0",
        "@progress/kendo-licensing": "^1.3.4",
        "@progress/kendo-react-animation": "7.4.0",
        "@progress/kendo-react-buttons": "7.4.0",
        "@progress/kendo-react-common": "7.4.0",
        "@progress/kendo-react-data-tools": "7.4.0",
        "@progress/kendo-react-dateinputs": "7.4.0",
        "@progress/kendo-react-dropdowns": "7.4.0",
        "@progress/kendo-react-inputs": "7.4.0",
        "@progress/kendo-react-intl": "7.4.0",
        "@progress/kendo-react-popup": "7.4.0",
        "@progress/kendo-svg-icons": "^2.1.0",
        "react": "^16.8.2 || ^17.0.0 || ^18.0.0",
        "react-dom": "^16.8.2 || ^17.0.0 || ^18.0.0"
      }
    },
    "node_modules/@progress/kendo-react-inputs": {
      "version": "7.4.0",
      "resolved": "https://registry.npmjs.org/@progress/kendo-react-inputs/-/kendo-react-inputs-7.4.0.tgz",
      "integrity": "sha512-xWIYYQ1RZ6kZSSw5Igdws/APQ6j5j+Szfx29CE0mJ/GWfJrD2/r58L3109VyZK4wskfuAC8oiASPWBePJIZwbw==",
      "peer": true,
      "dependencies": {
        "prop-types": "^15.6.0"
      },
      "peerDependencies": {
        "@progress/kendo-drawing": "^1.19.0",
        "@progress/kendo-inputs-common": "^3.1.0",
        "@progress/kendo-licensing": "^1.3.4",
        "@progress/kendo-react-animation": "7.4.0",
        "@progress/kendo-react-buttons": "7.4.0",
        "@progress/kendo-react-common": "7.4.0",
        "@progress/kendo-react-dialogs": "7.4.0",
        "@progress/kendo-react-intl": "7.4.0",
        "@progress/kendo-react-labels": "7.4.0",
        "@progress/kendo-react-popup": "7.4.0",
        "@progress/kendo-svg-icons": "^2.1.0",
        "react": "^16.8.2 || ^17.0.0 || ^18.0.0",
        "react-dom": "^16.8.2 || ^17.0.0 || ^18.0.0"
      }
    },
    "node_modules/@progress/kendo-react-intl": {
      "version": "7.4.0",
      "resolved": "https://registry.npmjs.org/@progress/kendo-react-intl/-/kendo-react-intl-7.4.0.tgz",
      "integrity": "sha512-xVoqsdaqZ/9MFfSbX/TKI/GZFKdYwIePORIhSGP1+TW4fkOOW4l8p3M3MX1n6Ve1WfiljOY6n7yXtIb13u/2wQ==",
      "peer": true,
      "dependencies": {
        "prop-types": "^15.6.0"
      },
      "peerDependencies": {
        "@progress/kendo-intl": "^3.1.1",
        "@progress/kendo-licensing": "^1.3.4",
        "@progress/kendo-react-common": "7.4.0",
        "react": "^16.8.2 || ^17.0.0 || ^18.0.0",
        "react-dom": "^16.8.2 || ^17.0.0 || ^18.0.0"
      }
    },
    "node_modules/@progress/kendo-react-labels": {
      "version": "7.4.0",
      "resolved": "https://registry.npmjs.org/@progress/kendo-react-labels/-/kendo-react-labels-7.4.0.tgz",
      "integrity": "sha512-gQAxFO4ukbIYH6n8ybuMrsXRAYZqZpi9Tm0SXBwuNMjuPMm6uaeLZgLjc/oTlU3eTvCH57mutQ0Y207U5CiwUw==",
      "peer": true,
      "dependencies": {
        "prop-types": "^15.6.0"
      },
      "peerDependencies": {
        "@progress/kendo-licensing": "^1.3.4",
        "@progress/kendo-react-common": "7.4.0",
        "@progress/kendo-react-intl": "7.4.0",
        "react": "^16.8.2 || ^17.0.0 || ^18.0.0",
        "react-dom": "^16.8.2 || ^17.0.0 || ^18.0.0"
      }
    },
    "node_modules/@progress/kendo-react-layout": {
      "version": "7.4.0",
      "resolved": "https://registry.npmjs.org/@progress/kendo-react-layout/-/kendo-react-layout-7.4.0.tgz",
      "integrity": "sha512-hgGH4+gMrV5DZdMcrshM+bnWqsFWkD8daRZFJcEGcmWKrLkCcNpcD6y4yB+Jet96Lbl43k/qlpOMOB46ibXLSg==",
      "peer": true,
      "dependencies": {
        "prop-types": "^15.6.0"
      },
      "peerDependencies": {
        "@progress/kendo-licensing": "^1.3.4",
        "@progress/kendo-react-animation": "7.4.0",
        "@progress/kendo-react-common": "7.4.0",
        "@progress/kendo-react-intl": "7.4.0",
        "@progress/kendo-react-popup": "7.4.0",
        "@progress/kendo-react-progressbars": "7.4.0",
        "@progress/kendo-svg-icons": "^2.1.0",
        "react": "^16.8.2 || ^17.0.0 || ^18.0.0",
        "react-dom": "^16.8.2 || ^17.0.0 || ^18.0.0"
      }
    },
    "node_modules/@progress/kendo-react-popup": {
      "version": "7.4.0",
      "resolved": "https://registry.npmjs.org/@progress/kendo-react-popup/-/kendo-react-popup-7.4.0.tgz",
      "integrity": "sha512-qSPFtvuTDW2pw28V05HrFxi6xN1oWzwbdn+vQZTffjZ0Qdm91eLoPVQ/Zc8XWxeFEUl7ZYozy+Ten5PhgulHxw==",
      "peer": true,
      "dependencies": {
        "prop-types": "^15.6.0"
      },
      "peerDependencies": {
        "@progress/kendo-licensing": "^1.3.4",
        "@progress/kendo-popup-common": "^1.9.0",
        "@progress/kendo-react-common": "7.4.0",
        "react": "^16.8.2 || ^17.0.0 || ^18.0.0",
        "react-dom": "^16.8.2 || ^17.0.0 || ^18.0.0"
      }
    },
    "node_modules/@progress/kendo-react-progressbars": {
      "version": "7.4.0",
      "resolved": "https://registry.npmjs.org/@progress/kendo-react-progressbars/-/kendo-react-progressbars-7.4.0.tgz",
      "integrity": "sha512-RU7MT1KjRn1JBTQQFqIypljk3ZnOmSVdvS3M1HfmxfeHZMK7Cnqp4voftjmw0bFIzxHnDNHksw7Zi2IHvnPudA==",
      "peer": true,
      "dependencies": {
        "prop-types": "^15.6.0"
      },
      "peerDependencies": {
        "@progress/kendo-licensing": "^1.3.4",
        "@progress/kendo-react-animation": "7.4.0",
        "@progress/kendo-react-common": "7.4.0",
        "react": "^16.8.2 || ^17.0.0 || ^18.0.0",
        "react-dom": "^16.8.2 || ^17.0.0 || ^18.0.0"
      }
    },
    "node_modules/@progress/kendo-react-treeview": {
      "version": "7.4.0",
      "resolved": "https://registry.npmjs.org/@progress/kendo-react-treeview/-/kendo-react-treeview-7.4.0.tgz",
      "integrity": "sha512-RnwJ6dKOcy3JOfjymg9tLNQg6fHo2TCxjT95etcKdw7saqJ3CD8sF6UT72Wm/jzl0kpRgSMglwU50b29X9WWfA==",
      "peer": true,
      "dependencies": {
        "prop-types": "^15.6.0"
      },
      "peerDependencies": {
        "@progress/kendo-licensing": "^1.3.4",
        "@progress/kendo-react-animation": "7.4.0",
        "@progress/kendo-react-common": "7.4.0",
        "@progress/kendo-svg-icons": "^2.1.0",
        "react": "^16.8.2 || ^17.0.0 || ^18.0.0",
        "react-dom": "^16.8.2 || ^17.0.0 || ^18.0.0"
      }
    },
    "node_modules/@progress/kendo-svg-icons": {
      "version": "2.3.0",
      "resolved": "https://registry.npmjs.org/@progress/kendo-svg-icons/-/kendo-svg-icons-2.3.0.tgz",
      "integrity": "sha512-VB4x1o6eVoYcCgTDBMkV88giGXsDlyCEJAMFLd9x99oJlmufx4KC6/bzehFn3CXdTcvhw0ONlTm3H8gM9ZH6JQ==",
      "peer": true
    },
    "node_modules/@progress/kendo-theme-core": {
      "version": "7.2.1",
      "resolved": "https://registry.npmjs.org/@progress/kendo-theme-core/-/kendo-theme-core-7.2.1.tgz",
      "integrity": "sha512-fv6ELPjmQWw5p7ksv96RIiSWMQKenXdkK6b96vSakoQcexR/4oKDgbEXnApxeLgTUimh8Hp8M+6JIoZm+EQhyA=="
    },
    "node_modules/@progress/kendo-theme-default": {
      "version": "7.2.1",
      "resolved": "https://registry.npmjs.org/@progress/kendo-theme-default/-/kendo-theme-default-7.2.1.tgz",
      "integrity": "sha512-WUMg+GZKpP37WL0aeGRi3i8vNmfEJdb5nHVBWAZeuEi/AS8cycVOCwcdDK4NywK9bUI/I0eUvLToxydLOHv6Pg==",
      "dependencies": {
        "@progress/kendo-svg-icons": "2.1.0",
        "@progress/kendo-theme-core": "7.2.1",
        "@progress/kendo-theme-utils": "7.2.1"
      }
    },
    "node_modules/@progress/kendo-theme-default/node_modules/@progress/kendo-svg-icons": {
      "version": "2.1.0",
      "resolved": "https://registry.npmjs.org/@progress/kendo-svg-icons/-/kendo-svg-icons-2.1.0.tgz",
      "integrity": "sha512-zAwxw8lt5xlIBMoE3uwUX2Z2RI5njWViYxdFoinvr5d8WJ6kU3sghNONsRelM9GiDd2vbSg0IkEN8dOrBvFjPg=="
    },
    "node_modules/@progress/kendo-theme-utils": {
      "version": "7.2.1",
      "resolved": "https://registry.npmjs.org/@progress/kendo-theme-utils/-/kendo-theme-utils-7.2.1.tgz",
      "integrity": "sha512-2IzRoBkjb2yolzJoQBZcsccmHT5a6GDw52O/PBXZHsxc5Cir7ej9CjP3tO2O4rWRg+8GfNEzB5XpwUb54lLF0Q==",
      "dependencies": {
        "@progress/kendo-theme-core": "7.2.1"
      }
    },
    "node_modules/@progress/pako-esm": {
      "version": "1.0.1",
      "resolved": "https://registry.npmjs.org/@progress/pako-esm/-/pako-esm-1.0.1.tgz",
      "integrity": "sha512-O4A3b1EuE9Xe1pC3Xz9Tcn1M/CYrL71f4y/5TXeytOVTkmkzBgYW97fYP2f+54H0e0erWRaqV/kUUB/a8Uxfbw=="
    },
    "node_modules/@progress/telerik-react-report-viewer": {
      "version": "21.24.305",
      "resolved": "https://registry.npmjs.org/@progress/telerik-react-report-viewer/-/telerik-react-report-viewer-21.24.305.tgz",
      "integrity": "sha512-qQuXKe/0TF7++80pSBrGgqqhSi+tNylQgyWkKPGM4CcP2NT++hQXrsTkTpDqvOM9DEoy/jeGBJa2kKidK2yZxQ==",
      "peerDependencies": {
        "jquery": "^1.10.0 || ^2.2.0 || ^3.7.0",
        "react": ">=16.8.6",
        "react-dom": ">=16.8.6"
      }
    },
    "node_modules/@swc/counter": {
      "version": "0.1.3",
      "resolved": "https://registry.npmjs.org/@swc/counter/-/counter-0.1.3.tgz",
      "integrity": "sha512-e2BR4lsJkkRlKZ/qCHPw9ZaSxc0MVUd7gtbtaB7aMvHeJVYe8sOB8DBZkP2DtISHGSku9sCK6T6cnY0CtXrOCQ=="
    },
    "node_modules/@swc/helpers": {
      "version": "0.5.5",
      "resolved": "https://registry.npmjs.org/@swc/helpers/-/helpers-0.5.5.tgz",
      "integrity": "sha512-KGYxvIOXcceOAbEk4bi/dVLEK9z8sZ0uBB3Il5b1rhfClSpcX0yfRO0KmTkqR2cnQDymwLB+25ZyMzICg/cm/A==",
      "dependencies": {
        "@swc/counter": "^0.1.3",
        "tslib": "^2.4.0"
      }
    },
    "node_modules/buffer-equal-constant-time": {
      "version": "1.0.1",
      "resolved": "https://registry.npmjs.org/buffer-equal-constant-time/-/buffer-equal-constant-time-1.0.1.tgz",
      "integrity": "sha512-zRpUiDwd/xk6ADqPMATG8vc9VPrkck7T07OIx0gnjmJAnHnTVXNQG3vfvWNuiZIkwu9KrKdA1iJKfsfTVxE6NA==",
      "license": "BSD-3-Clause"
    },
    "node_modules/busboy": {
      "version": "1.6.0",
      "resolved": "https://registry.npmjs.org/busboy/-/busboy-1.6.0.tgz",
      "integrity": "sha512-8SFQbg/0hQ9xy3UNTB0YEnsNBbWfhf7RtnzpL7TkBiTBRfrQ9Fxcnz7VJsleJpyp6rVLvXiuORqjlHi5q+PYuA==",
      "dependencies": {
        "streamsearch": "^1.1.0"
      },
      "engines": {
        "node": ">=10.16.0"
      }
    },
    "node_modules/caniuse-lite": {
      "version": "1.0.30001612",
      "resolved": "https://registry.npmjs.org/caniuse-lite/-/caniuse-lite-1.0.30001612.tgz",
      "integrity": "sha512-lFgnZ07UhaCcsSZgWW0K5j4e69dK1u/ltrL9lTUiFOwNHs12S3UMIEYgBV0Z6C6hRDev7iRnMzzYmKabYdXF9g==",
      "funding": [
        {
          "type": "opencollective",
          "url": "https://opencollective.com/browserslist"
        },
        {
          "type": "tidelift",
          "url": "https://tidelift.com/funding/github/npm/caniuse-lite"
        },
        {
          "type": "github",
          "url": "https://github.com/sponsors/ai"
        }
      ]
    },
    "node_modules/client-only": {
      "version": "0.0.1",
      "resolved": "https://registry.npmjs.org/client-only/-/client-only-0.0.1.tgz",
      "integrity": "sha512-IV3Ou0jSMzZrd3pZ48nLkT9DA7Ag1pnPzaiQhpW7c3RbcqqzvzzVu+L8gfqMp/8IM2MQtSiqaCxrrcfu8I8rMA=="
    },
    "node_modules/csstype": {
      "version": "3.1.3",
      "resolved": "https://registry.npmjs.org/csstype/-/csstype-3.1.3.tgz",
      "integrity": "sha512-M1uQkMl8rQK/szD0LNhtqxIPLpimGm8sOBwU7lLnCpSbTyY3yeU1Vc7l4KT5zT4s/yOxHH5O7tIuuLOCnLADRw=="
    },
    "node_modules/dom-helpers": {
      "version": "5.2.1",
      "resolved": "https://registry.npmjs.org/dom-helpers/-/dom-helpers-5.2.1.tgz",
      "integrity": "sha512-nRCa7CK3VTrM2NmGkIy4cbK7IZlgBE/PYMn55rrXefr5xXDP0LdtfPnblFDoVdcAfslJ7or6iqAUnx0CCGIWQA==",
      "dependencies": {
        "@babel/runtime": "^7.8.7",
        "csstype": "^3.0.2"
      }
    },
    "node_modules/ecdsa-sig-formatter": {
      "version": "1.0.11",
      "resolved": "https://registry.npmjs.org/ecdsa-sig-formatter/-/ecdsa-sig-formatter-1.0.11.tgz",
      "integrity": "sha512-nagl3RYrbNv6kQkeJIpt6NJZy8twLB/2vtz6yN9Z4vRKHN4/QZJIEbqohALSgwKdnksuY3k5Addp5lg8sVoVcQ==",
      "license": "Apache-2.0",
      "dependencies": {
        "safe-buffer": "^5.0.1"
      }
    },
    "node_modules/graceful-fs": {
      "version": "4.2.11",
      "resolved": "https://registry.npmjs.org/graceful-fs/-/graceful-fs-4.2.11.tgz",
      "integrity": "sha512-RbJ5/jmFcNNCcDV5o9eTnBLJ/HszWV0P73bc+Ff4nS/rJj+YaS6IGyiOL0VoBYX+l1Wrl3k63h/KrH+nhJ0XvQ=="
    },
    "node_modules/jquery": {
      "version": "3.7.1",
      "resolved": "https://registry.npmjs.org/jquery/-/jquery-3.7.1.tgz",
      "integrity": "sha512-m4avr8yL8kmFN8psrbFFFmB/If14iN5o9nw/NgnnM+kybDJpRsAynV2BsfpTYrTRysYUdADVD7CkUUizgkpLfg==",
      "peer": true
    },
    "node_modules/js-tokens": {
      "version": "4.0.0",
      "resolved": "https://registry.npmjs.org/js-tokens/-/js-tokens-4.0.0.tgz",
      "integrity": "sha512-RdJUflcE3cUzKiMqQgsCu06FPu9UdIJO0beYbPhHN4k6apgJtifcoCtT9bcxOpYBtpD2kCM6Sbzg4CausW/PKQ=="
    },
    "node_modules/jsonwebtoken": {
      "version": "9.0.2",
      "resolved": "https://registry.npmjs.org/jsonwebtoken/-/jsonwebtoken-9.0.2.tgz",
      "integrity": "sha512-PRp66vJ865SSqOlgqS8hujT5U4AOgMfhrwYIuIhfKaoSCZcirrmASQr8CX7cUg+RMih+hgznrjp99o+W4pJLHQ==",
      "dependencies": {
        "jws": "^3.2.2",
        "lodash.includes": "^4.3.0",
        "lodash.isboolean": "^3.0.3",
        "lodash.isinteger": "^4.0.4",
        "lodash.isnumber": "^3.0.3",
        "lodash.isplainobject": "^4.0.6",
        "lodash.isstring": "^4.0.1",
        "lodash.once": "^4.0.0",
        "ms": "^2.1.1",
        "semver": "^7.5.4"
      },
      "engines": {
        "node": ">=12",
        "npm": ">=6"
      }
    },
    "node_modules/jwa": {
      "version": "1.4.2",
      "resolved": "https://registry.npmjs.org/jwa/-/jwa-1.4.2.tgz",
      "integrity": "sha512-eeH5JO+21J78qMvTIDdBXidBd6nG2kZjg5Ohz/1fpa28Z4CcsWUzJ1ZZyFq/3z3N17aZy+ZuBoHljASbL1WfOw==",
      "license": "MIT",
      "dependencies": {
        "buffer-equal-constant-time": "^1.0.1",
        "ecdsa-sig-formatter": "1.0.11",
        "safe-buffer": "^5.0.1"
      }
    },
    "node_modules/jws": {
      "version": "3.2.3",
      "resolved": "https://registry.npmjs.org/jws/-/jws-3.2.3.tgz",
      "integrity": "sha512-byiJ0FLRdLdSVSReO/U4E7RoEyOCKnEnEPMjq3HxWtvzLsV08/i5RQKsFVNkCldrCaPr2vDNAOMsfs8T/Hze7g==",
      "license": "MIT",
      "dependencies": {
        "jwa": "^1.4.2",
        "safe-buffer": "^5.0.1"
      }
    },
    "node_modules/lodash.includes": {
      "version": "4.3.0",
      "resolved": "https://registry.npmjs.org/lodash.includes/-/lodash.includes-4.3.0.tgz",
      "integrity": "sha512-W3Bx6mdkRTGtlJISOvVD/lbqjTlPPUDTMnlXZFnVwi9NKJ6tiAk6LVdlhZMm17VZisqhKcgzpO5Wz91PCt5b0w=="
    },
    "node_modules/lodash.isboolean": {
      "version": "3.0.3",
      "resolved": "https://registry.npmjs.org/lodash.isboolean/-/lodash.isboolean-3.0.3.tgz",
      "integrity": "sha512-Bz5mupy2SVbPHURB98VAcw+aHh4vRV5IPNhILUCsOzRmsTmSQ17jIuqopAentWoehktxGd9e/hbIXq980/1QJg=="
    },
    "node_modules/lodash.isinteger": {
      "version": "4.0.4",
      "resolved": "https://registry.npmjs.org/lodash.isinteger/-/lodash.isinteger-4.0.4.tgz",
      "integrity": "sha512-DBwtEWN2caHQ9/imiNeEA5ys1JoRtRfY3d7V9wkqtbycnAmTvRRmbHKDV4a0EYc678/dia0jrte4tjYwVBaZUA=="
    },
    "node_modules/lodash.isnumber": {
      "version": "3.0.3",
      "resolved": "https://registry.npmjs.org/lodash.isnumber/-/lodash.isnumber-3.0.3.tgz",
      "integrity": "sha512-QYqzpfwO3/CWf3XP+Z+tkQsfaLL/EnUlXWVkIk5FUPc4sBdTehEqZONuyRt2P67PXAk+NXmTBcc97zw9t1FQrw=="
    },
    "node_modules/lodash.isplainobject": {
      "version": "4.0.6",
      "resolved": "https://registry.npmjs.org/lodash.isplainobject/-/lodash.isplainobject-4.0.6.tgz",
      "integrity": "sha512-oSXzaWypCMHkPC3NvBEaPHf0KsA5mvPrOPgQWDsbg8n7orZ290M0BmC/jgRZ4vcJ6DTAhjrsSYgdsW/F+MFOBA=="
    },
    "node_modules/lodash.isstring": {
      "version": "4.0.1",
      "resolved": "https://registry.npmjs.org/lodash.isstring/-/lodash.isstring-4.0.1.tgz",
      "integrity": "sha512-0wJxfxH1wgO3GrbuP+dTTk7op+6L41QCXbGINEmD+ny/G/eCqGzxyCsh7159S+mgDDcoarnBw6PC1PS5+wUGgw=="
    },
    "node_modules/lodash.once": {
      "version": "4.1.1",
      "resolved": "https://registry.npmjs.org/lodash.once/-/lodash.once-4.1.1.tgz",
      "integrity": "sha512-Sb487aTOCr9drQVL8pIxOzVhafOjZN9UU54hiN8PU3uAiSV7lx1yYNpbNmex2PK6dSJoNTSJUUswT651yww3Mg=="
    },
    "node_modules/loose-envify": {
      "version": "1.4.0",
      "resolved": "https://registry.npmjs.org/loose-envify/-/loose-envify-1.4.0.tgz",
      "integrity": "sha512-lyuxPGr/Wfhrlem2CL/UcnUc1zcqKAImBDzukY7Y5F/yQiNdko6+fRLevlw1HgMySw7f611UIY408EtxRSoK3Q==",
      "dependencies": {
        "js-tokens": "^3.0.0 || ^4.0.0"
      },
      "bin": {
        "loose-envify": "cli.js"
      }
    },
    "node_modules/lru-cache": {
      "version": "6.0.0",
      "resolved": "https://registry.npmjs.org/lru-cache/-/lru-cache-6.0.0.tgz",
      "integrity": "sha512-Jo6dJ04CmSjuznwJSS3pUeWmd/H0ffTlkXXgwZi+eq1UCmqQwCh+eLsYOYCwY991i2Fah4h1BEMCx4qThGbsiA==",
      "dependencies": {
        "yallist": "^4.0.0"
      },
      "engines": {
        "node": ">=10"
      }
    },
    "node_modules/ms": {
      "version": "2.1.3",
      "resolved": "https://registry.npmjs.org/ms/-/ms-2.1.3.tgz",
      "integrity": "sha512-6FlzubTLZG3J2a/NVCAleEhjzq5oxgHyaCU9yYXvcLsvoVaHJq/s5xXI6/XXP6tz7R9xAOtHnSO/tXtF3WRTlA=="
    },
    "node_modules/nanoid": {
      "version": "3.3.8",
      "resolved": "https://registry.npmjs.org/nanoid/-/nanoid-3.3.8.tgz",
      "integrity": "sha512-WNLf5Sd8oZxOm+TzppcYk8gVOgP+l58xNy58D0nbUnOxOWRWvlcCV4kUF7ltmI6PsrLl/BgKEyS4mqsGChFN0w==",
      "funding": [
        {
          "type": "github",
          "url": "https://github.com/sponsors/ai"
        }
      ],
      "bin": {
        "nanoid": "bin/nanoid.cjs"
      },
      "engines": {
        "node": "^10 || ^12 || ^13.7 || ^14 || >=15.0.1"
      }
    },
    "node_modules/next": {
      "version": "14.2.32",
      "resolved": "https://registry.npmjs.org/next/-/next-14.2.32.tgz",
      "integrity": "sha512-fg5g0GZ7/nFc09X8wLe6pNSU8cLWbLRG3TZzPJ1BJvi2s9m7eF991se67wliM9kR5yLHRkyGKU49MMx58s3LJg==",
      "license": "MIT",
      "dependencies": {
        "@next/env": "14.2.32",
        "@swc/helpers": "0.5.5",
        "busboy": "1.6.0",
        "caniuse-lite": "^1.0.30001579",
        "graceful-fs": "^4.2.11",
        "postcss": "8.4.31",
        "styled-jsx": "5.1.1"
      },
      "bin": {
        "next": "dist/bin/next"
      },
      "engines": {
        "node": ">=18.17.0"
      },
      "optionalDependencies": {
        "@next/swc-darwin-arm64": "14.2.32",
        "@next/swc-darwin-x64": "14.2.32",
        "@next/swc-linux-arm64-gnu": "14.2.32",
        "@next/swc-linux-arm64-musl": "14.2.32",
        "@next/swc-linux-x64-gnu": "14.2.32",
        "@next/swc-linux-x64-musl": "14.2.32",
        "@next/swc-win32-arm64-msvc": "14.2.32",
        "@next/swc-win32-ia32-msvc": "14.2.32",
        "@next/swc-win32-x64-msvc": "14.2.32"
      },
      "peerDependencies": {
        "@opentelemetry/api": "^1.1.0",
        "@playwright/test": "^1.41.2",
        "react": "^18.2.0",
        "react-dom": "^18.2.0",
        "sass": "^1.3.0"
      },
      "peerDependenciesMeta": {
        "@opentelemetry/api": {
          "optional": true
        },
        "@playwright/test": {
          "optional": true
        },
        "sass": {
          "optional": true
        }
      }
    },
    "node_modules/object-assign": {
      "version": "4.1.1",
      "resolved": "https://registry.npmjs.org/object-assign/-/object-assign-4.1.1.tgz",
      "integrity": "sha512-rJgTQnkUnH1sFw8yT6VSU3zD3sWmu6sZhIseY8VX+GRu3P6F7Fu+JNDoXfklElbLJSnc3FUQHVe4cU5hj+BcUg==",
      "engines": {
        "node": ">=0.10.0"
      }
    },
    "node_modules/picocolors": {
      "version": "1.0.0",
      "resolved": "https://registry.npmjs.org/picocolors/-/picocolors-1.0.0.tgz",
      "integrity": "sha512-1fygroTLlHu66zi26VoTDv8yRgm0Fccecssto+MhsZ0D/DGW2sm8E8AjW7NU5VVTRt5GxbeZ5qBuJr+HyLYkjQ=="
    },
    "node_modules/postcss": {
      "version": "8.4.31",
      "resolved": "https://registry.npmjs.org/postcss/-/postcss-8.4.31.tgz",
      "integrity": "sha512-PS08Iboia9mts/2ygV3eLpY5ghnUcfLV/EXTOW1E2qYxJKGGBUtNjN76FYHnMs36RmARn41bC0AZmn+rR0OVpQ==",
      "funding": [
        {
          "type": "opencollective",
          "url": "https://opencollective.com/postcss/"
        },
        {
          "type": "tidelift",
          "url": "https://tidelift.com/funding/github/npm/postcss"
        },
        {
          "type": "github",
          "url": "https://github.com/sponsors/ai"
        }
      ],
      "dependencies": {
        "nanoid": "^3.3.6",
        "picocolors": "^1.0.0",
        "source-map-js": "^1.0.2"
      },
      "engines": {
        "node": "^10 || ^12 || >=14"
      }
    },
    "node_modules/prop-types": {
      "version": "15.8.1",
      "resolved": "https://registry.npmjs.org/prop-types/-/prop-types-15.8.1.tgz",
      "integrity": "sha512-oj87CgZICdulUohogVAR7AjlC0327U4el4L6eAvOqCeudMDVU0NThNaV+b9Df4dXgSP1gXMTnPdhfe/2qDH5cg==",
      "dependencies": {
        "loose-envify": "^1.4.0",
        "object-assign": "^4.1.1",
        "react-is": "^16.13.1"
      }
    },
    "node_modules/react": {
      "version": "18.3.0",
      "resolved": "https://registry.npmjs.org/react/-/react-18.3.0.tgz",
      "integrity": "sha512-RPutkJftSAldDibyrjuku7q11d3oy6wKOyPe5K1HA/HwwrXcEqBdHsLypkC2FFYjP7bPUa6gbzSBhw4sY2JcDg==",
      "peer": true,
      "dependencies": {
        "loose-envify": "^1.1.0"
      },
      "engines": {
        "node": ">=0.10.0"
      }
    },
    "node_modules/react-dom": {
      "version": "18.3.0",
      "resolved": "https://registry.npmjs.org/react-dom/-/react-dom-18.3.0.tgz",
      "integrity": "sha512-zaKdLBftQJnvb7FtDIpZtsAIb2MZU087RM8bRDZU8LVCCFYjPTsDZJNFUWPcVz3HFSN1n/caxi0ca4B/aaVQGQ==",
      "peer": true,
      "dependencies": {
        "loose-envify": "^1.1.0",
        "scheduler": "^0.23.1"
      },
      "peerDependencies": {
        "react": "^18.3.0"
      }
    },
    "node_modules/react-is": {
      "version": "16.13.1",
      "resolved": "https://registry.npmjs.org/react-is/-/react-is-16.13.1.tgz",
      "integrity": "sha512-24e6ynE2H+OKt4kqsOvNd8kBpV65zoxbA4BVsEOB3ARVWQki/DHzaUoC5KuON/BiccDaCCTZBuOcfZs70kR8bQ=="
    },
    "node_modules/react-transition-group": {
      "version": "4.4.5",
      "resolved": "https://registry.npmjs.org/react-transition-group/-/react-transition-group-4.4.5.tgz",
      "integrity": "sha512-pZcd1MCJoiKiBR2NRxeCRg13uCXbydPnmB4EOeRrY7480qNWO8IIgQG6zlDkm6uRMsURXPuKq0GWtiM59a5Q6g==",
      "peer": true,
      "dependencies": {
        "@babel/runtime": "^7.5.5",
        "dom-helpers": "^5.0.1",
        "loose-envify": "^1.4.0",
        "prop-types": "^15.6.2"
      },
      "peerDependencies": {
        "react": ">=16.6.0",
        "react-dom": ">=16.6.0"
      }
    },
    "node_modules/regenerator-runtime": {
      "version": "0.14.1",
      "resolved": "https://registry.npmjs.org/regenerator-runtime/-/regenerator-runtime-0.14.1.tgz",
      "integrity": "sha512-dYnhHh0nJoMfnkZs6GmmhFknAGRrLznOu5nc9ML+EJxGvrx6H7teuevqVqCuPcPK//3eDrrjQhehXVx9cnkGdw=="
    },
    "node_modules/safe-buffer": {
      "version": "5.2.1",
      "resolved": "https://registry.npmjs.org/safe-buffer/-/safe-buffer-5.2.1.tgz",
      "integrity": "sha512-rp3So07KcdmmKbGvgaNxQSJr7bGVSVk5S9Eq1F+ppbRo70+YeaDxkw5Dd8NPN+GD6bjnYm2VuPuCXmpuYvmCXQ==",
      "funding": [
        {
          "type": "github",
          "url": "https://github.com/sponsors/feross"
        },
        {
          "type": "patreon",
          "url": "https://www.patreon.com/feross"
        },
        {
          "type": "consulting",
          "url": "https://feross.org/support"
        }
      ],
      "license": "MIT"
    },
    "node_modules/scheduler": {
      "version": "0.23.1",
      "resolved": "https://registry.npmjs.org/scheduler/-/scheduler-0.23.1.tgz",
      "integrity": "sha512-5GKS5JGfiah1O38Vfa9srZE4s3wdHbwjlCrvIookrg2FO9aIwKLOJXuJQFlEfNcVSOXuaL2hzDeY20uVXcUtrw==",
      "dependencies": {
        "loose-envify": "^1.1.0"
      }
    },
    "node_modules/semver": {
      "version": "7.6.0",
      "resolved": "https://registry.npmjs.org/semver/-/semver-7.6.0.tgz",
      "integrity": "sha512-EnwXhrlwXMk9gKu5/flx5sv/an57AkRplG3hTK68W7FRDN+k+OWBj65M7719OkA82XLBxrcX0KSHj+X5COhOVg==",
      "dependencies": {
        "lru-cache": "^6.0.0"
      },
      "bin": {
        "semver": "bin/semver.js"
      },
      "engines": {
        "node": ">=10"
      }
    },
    "node_modules/source-map-js": {
      "version": "1.2.0",
      "resolved": "https://registry.npmjs.org/source-map-js/-/source-map-js-1.2.0.tgz",
      "integrity": "sha512-itJW8lvSA0TXEphiRoawsCksnlf8SyvmFzIhltqAHluXd88pkCd+cXJVHTDwdCr0IzwptSm035IHQktUu1QUMg==",
      "engines": {
        "node": ">=0.10.0"
      }
    },
    "node_modules/streamsearch": {
      "version": "1.1.0",
      "resolved": "https://registry.npmjs.org/streamsearch/-/streamsearch-1.1.0.tgz",
      "integrity": "sha512-Mcc5wHehp9aXz1ax6bZUyY5afg9u2rv5cqQI3mRrYkGC8rW2hM02jWuwjtL++LS5qinSyhj2QfLyNsuc+VsExg==",
      "engines": {
        "node": ">=10.0.0"
      }
    },
    "node_modules/styled-jsx": {
      "version": "5.1.1",
      "resolved": "https://registry.npmjs.org/styled-jsx/-/styled-jsx-5.1.1.tgz",
      "integrity": "sha512-pW7uC1l4mBZ8ugbiZrcIsiIvVx1UmTfw7UkC3Um2tmfUq9Bhk8IiyEIPl6F8agHgjzku6j0xQEZbfA5uSgSaCw==",
      "dependencies": {
        "client-only": "0.0.1"
      },
      "engines": {
        "node": ">= 12.0.0"
      },
      "peerDependencies": {
        "react": ">= 16.8.0 || 17.x.x || ^18.0.0-0"
      },
      "peerDependenciesMeta": {
        "@babel/core": {
          "optional": true
        },
        "babel-plugin-macros": {
          "optional": true
        }
      }
    },
    "node_modules/tslib": {
      "version": "2.6.2",
      "resolved": "https://registry.npmjs.org/tslib/-/tslib-2.6.2.tgz",
      "integrity": "sha512-AEYxH93jGFPn/a2iVAwW87VuUIkR1FVUKB77NwMF7nBTDkDrrT/Hpt/IrCJ0QXhW27jTBDcf5ZY7w6RiqTMw2Q=="
    },
    "node_modules/yallist": {
      "version": "4.0.0",
      "resolved": "https://registry.npmjs.org/yallist/-/yallist-4.0.0.tgz",
      "integrity": "sha512-3wdGidZyq5PB084XLES5TpOSRA3wjXAlIWMhum2kRcv/41Sn2emQ0dycQW4uZXLejwKvg6EsvbdlVL+FYEct7A=="
    }
  }
}
