
Microsoft Visual Studio Solution File, Format Version 12.00
# Visual Studio Version 17
VisualStudioVersion = 17.9.34701.34
MinimumVisualStudioVersion = 10.0.40219.1
Project("{FAE04EC0-301F-11D3-BF4B-00C04F79EFBC}") = "ReportLibrary1", "ReportLibrary1\ReportLibrary1.csproj", "{5945AC3A-5690-4A42-8366-8175C4816780}"
EndProject
Global
	GlobalSection(SolutionConfigurationPlatforms) = preSolution
		Debug|Any CPU = Debug|Any CPU
		Release|Any CPU = Release|Any CPU
	EndGlobalSection
	GlobalSection(ProjectConfigurationPlatforms) = postSolution
		{5945AC3A-5690-4A42-8366-8175C4816780}.Debug|Any CPU.ActiveCfg = Debug|Any CPU
		{5945AC3A-5690-4A42-8366-8175C4816780}.Debug|Any CPU.Build.0 = Debug|Any CPU
		{5945AC3A-5690-4A42-8366-8175C4816780}.Release|Any CPU.ActiveCfg = Release|Any CPU
		{5945AC3A-5690-4A42-8366-8175C4816780}.Release|Any CPU.Build.0 = Release|Any CPU
	EndGlobalSection
	GlobalSection(SolutionProperties) = preSolution
		HideSolutionNode = FALSE
	EndGlobalSection
	GlobalSection(ExtensibilityGlobals) = postSolution
		SolutionGuid = {57393F1F-FE40-4A57-9425-6F13A9A90698}
	EndGlobalSection
EndGlobal
