
Microsoft Visual Studio Solution File, Format Version 12.00
# Visual Studio Version 17
VisualStudioVersion = 17.3.32929.385
MinimumVisualStudioVersion = 10.0.40219.1
Project("{9A19103F-16F7-4668-BE54-9A1E7A4F7556}") = "HTML5ViewerParametersDemo", "Html5IntegrationDemo\HTML5ViewerParametersDemo.csproj", "{16A816B5-9E09-422E-A401-4368C648E8F8}"
EndProject
Global
	GlobalSection(SolutionConfigurationPlatforms) = preSolution
		Debug|Any CPU = Debug|Any CPU
		Release|Any CPU = Release|Any CPU
	EndGlobalSection
	GlobalSection(ProjectConfigurationPlatforms) = postSolution
		{16A816B5-9E09-422E-A401-4368C648E8F8}.Debug|Any CPU.ActiveCfg = Debug|Any CPU
		{16A816B5-9E09-422E-A401-4368C648E8F8}.Debug|Any CPU.Build.0 = Debug|Any CPU
		{16A816B5-9E09-422E-A401-4368C648E8F8}.Release|Any CPU.ActiveCfg = Release|Any CPU
		{16A816B5-9E09-422E-A401-4368C648E8F8}.Release|Any CPU.Build.0 = Release|Any CPU
	EndGlobalSection
	GlobalSection(SolutionProperties) = preSolution
		HideSolutionNode = FALSE
	EndGlobalSection
	GlobalSection(ExtensibilityGlobals) = postSolution
		SolutionGuid = {4162A8EB-E1BB-4CB6-BB15-91E5D4831577}
	EndGlobalSection
EndGlobal
