
Microsoft Visual Studio Solution File, Format Version 12.00
# Visual Studio Version 16
VisualStudioVersion = 16.0.30804.86
MinimumVisualStudioVersion = 10.0.40219.1
Project("{9A19103F-16F7-4668-BE54-9A1E7A4F7556}") = "BlazorGridAndReport", "BlazorGridAndReport\BlazorGridAndReport.csproj", "{7BCAAA51-33D3-428E-98C3-DFCF92E7BA67}"
EndProject
Global
	GlobalSection(SolutionConfigurationPlatforms) = preSolution
		Debug|Any CPU = Debug|Any CPU
		Release|Any CPU = Release|Any CPU
	EndGlobalSection
	GlobalSection(ProjectConfigurationPlatforms) = postSolution
		{7BCAAA51-33D3-428E-98C3-DFCF92E7BA67}.Debug|Any CPU.ActiveCfg = Debug|Any CPU
		{7BCAAA51-33D3-428E-98C3-DFCF92E7BA67}.Debug|Any CPU.Build.0 = Debug|Any CPU
		{7BCAAA51-33D3-428E-98C3-DFCF92E7BA67}.Release|Any CPU.ActiveCfg = Release|Any CPU
		{7BCAAA51-33D3-428E-98C3-DFCF92E7BA67}.Release|Any CPU.Build.0 = Release|Any CPU
	EndGlobalSection
	GlobalSection(SolutionProperties) = preSolution
		HideSolutionNode = FALSE
	EndGlobalSection
	GlobalSection(ExtensibilityGlobals) = postSolution
		SolutionGuid = {ABF78202-A234-4633-8E9B-52CCE11FFE95}
	EndGlobalSection
EndGlobal
